
Microsoft Visual Studio Solution File, Format Version 12.00
# Visual Studio 15
Project("{FAE04EC0-301F-11D3-BF4B-00C04F79EFBC}") = "_threeapis", "_threeapis\_threeapis.csproj", "{71A1785A-198C-4DEC-9FD9-225AF39A95EE}"
EndProject
Global
	GlobalSection(SolutionConfigurationPlatforms) = preSolution
		Debug|Any CPU = Debug|Any CPU
		Release|Any CPU = Release|Any CPU
	EndGlobalSection
	GlobalSection(ProjectConfigurationPlatforms) = postSolution
		{71A1785A-198C-4DEC-9FD9-225AF39A95EE}.Debug|Any CPU.ActiveCfg = Debug|Any CPU
		{71A1785A-198C-4DEC-9FD9-225AF39A95EE}.Debug|Any CPU.Build.0 = Debug|Any CPU
		{71A1785A-198C-4DEC-9FD9-225AF39A95EE}.Release|Any CPU.ActiveCfg = Release|Any CPU
		{71A1785A-198C-4DEC-9FD9-225AF39A95EE}.Release|Any CPU.Build.0 = Release|Any CPU
	EndGlobalSection
EndGlobal
